{
  "name": "sorted-json",
  "version": "0.2.2",
  "lockfileVersion": 1,
  "requires": true,
  "dependencies": {
    "commander": {
      "version": "2.3.0",
      "resolved": "http://registry.npm.taobao.org/commander/download/commander-2.3.0.tgz",
      "integrity": "sha1-/UMOiJgy7DU7ms0d4hfBHLPu+HM=",
      "dev": true
    },
    "debug": {
      "version": "2.0.0",
      "resolved": "http://registry.npm.taobao.org/debug/download/debug-2.0.0.tgz",
      "integrity": "sha1-ib2d9nMrUSVrxnBTQrugLtEhMe8=",
      "dev": true,
      "requires": {
        "ms": "0.6.2"
      }
    },
    "diff": {
      "version": "1.0.8",
      "resolved": "http://registry.npm.taobao.org/diff/download/diff-1.0.8.tgz",
      "integrity": "sha1-NDJ2MI7Jkbe8giZ+1VvBQR+XFmY=",
      "dev": true
    },
    "escape-string-regexp": {
      "version": "1.0.2",
      "resolved": "http://registry.npm.taobao.org/escape-string-regexp/download/escape-string-regexp-1.0.2.tgz",
      "integrity": "sha1-Tbwv5nTnGUnK8/smlc5/LcHZqNE=",
      "dev": true
    },
    "glob": {
      "version": "3.2.3",
      "resolved": "http://registry.npm.taobao.org/glob/download/glob-3.2.3.tgz",
      "integrity": "sha1-4xPusknHr/qlxHUoaw4RW1mDlGc=",
      "dev": true,
      "requires": {
        "graceful-fs": "2.0.3",
        "inherits": "2.0.3",
        "minimatch": "0.2.14"
      }
    },
    "graceful-fs": {
      "version": "2.0.3",
      "resolved": "http://registry.npm.taobao.org/graceful-fs/download/graceful-fs-2.0.3.tgz",
      "integrity": "sha1-fNLNsiiko/Nule+mzBQt59GhNtA=",
      "dev": true
    },
    "growl": {
      "version": "1.8.1",
      "resolved": "http://registry.npm.taobao.org/growl/download/growl-1.8.1.tgz",
      "integrity": "sha1-Sy3sjZB+k9szZiTc7AGDUC+MlCg=",
      "dev": true
    },
    "inherits": {
      "version": "2.0.3",
      "resolved": "http://registry.npm.taobao.org/inherits/download/inherits-2.0.3.tgz",
      "integrity": "sha1-Yzwsg+PaQqUC9SRmAiSA9CCCYd4=",
      "dev": true
    },
    "jade": {
      "version": "0.26.3",
      "resolved": "http://registry.npm.taobao.org/jade/download/jade-0.26.3.tgz",
      "integrity": "sha1-jxDXl32NefL2/4YqgbBRPMslaGw=",
      "dev": true,
      "requires": {
        "commander": "0.6.1",
        "mkdirp": "0.3.0"
      },
      "dependencies": {
        "commander": {
          "version": "0.6.1",
          "resolved": "http://registry.npm.taobao.org/commander/download/commander-0.6.1.tgz",
          "integrity": "sha1-+mihT2qUXVTbvlDYzbMyDp47GgY=",
          "dev": true
        },
        "mkdirp": {
          "version": "0.3.0",
          "resolved": "http://registry.npm.taobao.org/mkdirp/download/mkdirp-0.3.0.tgz",
          "integrity": "sha1-G79asbqCevI1dRQ0kEJkVfSB/h4=",
          "dev": true
        }
      }
    },
    "lru-cache": {
      "version": "2.7.3",
      "resolved": "http://registry.npm.taobao.org/lru-cache/download/lru-cache-2.7.3.tgz",
      "integrity": "sha1-bUUk6LlV+V1PW1iFHOId1y+06VI=",
      "dev": true
    },
    "minimatch": {
      "version": "0.2.14",
      "resolved": "http://registry.npm.taobao.org/minimatch/download/minimatch-0.2.14.tgz",
      "integrity": "sha1-x054BXT2PG+aCQ6Q775u9TpqdWo=",
      "dev": true,
      "requires": {
        "lru-cache": "2.7.3",
        "sigmund": "1.0.1"
      }
    },
    "minimist": {
      "version": "0.0.8",
      "resolved": "http://registry.npm.taobao.org/minimist/download/minimist-0.0.8.tgz",
      "integrity": "sha1-hX/Kv8M5fSYluCKCYuhqp6ARsF0=",
      "dev": true
    },
    "mkdirp": {
      "version": "0.5.0",
      "resolved": "http://registry.npm.taobao.org/mkdirp/download/mkdirp-0.5.0.tgz",
      "integrity": "sha1-HXMHam35hs2TROFecfzAWkyavxI=",
      "dev": true,
      "requires": {
        "minimist": "0.0.8"
      }
    },
    "mocha": {
      "version": "2.0.1",
      "resolved": "http://registry.npm.taobao.org/mocha/download/mocha-2.0.1.tgz",
      "integrity": "sha1-Whboi4VtDEFF2MaIjCfr1PqxPpA=",
      "dev": true,
      "requires": {
        "commander": "2.3.0",
        "debug": "2.0.0",
        "diff": "1.0.8",
        "escape-string-regexp": "1.0.2",
        "glob": "3.2.3",
        "growl": "1.8.1",
        "jade": "0.26.3",
        "mkdirp": "0.5.0"
      }
    },
    "ms": {
      "version": "0.6.2",
      "resolved": "http://registry.npm.taobao.org/ms/download/ms-0.6.2.tgz",
      "integrity": "sha1-2JwhJMb9wTU9Zai3e/GqxLGTcIw=",
      "dev": true
    },
    "sigmund": {
      "version": "1.0.1",
      "resolved": "http://registry.npm.taobao.org/sigmund/download/sigmund-1.0.1.tgz",
      "integrity": "sha1-P/IfGYytIXX587eBhT/ZTQ0ZtZA=",
      "dev": true
    }
  }
}
